
Microsoft Visual Studio Solution File, Format Version 12.00
# Visual Studio Version 17
VisualStudioVersion = 17.12.35707.178
MinimumVisualStudioVersion = 10.0.40219.1
Project("{2150E333-8FDC-42A3-9474-1A3956D46DE8}") = "src", "src", "{5CDBC787-2826-47FA-ACE0-5ADA56842C29}"
EndProject
Project("{2150E333-8FDC-42A3-9474-1A3956D46DE8}") = "Core", "Core", "{9958B309-9D9A-4778-A84A-BCF8FBC29948}"
EndProject
Project("{2150E333-8FDC-42A3-9474-1A3956D46DE8}") = "Infrastructure", "Infrastructure", "{C57BE8FB-6C76-46F1-B145-CD2892014A4F}"
EndProject
Project("{2150E333-8FDC-42A3-9474-1A3956D46DE8}") = "UserInterface", "UserInterface", "{CCB1F502-EF5C-4D6E-8F77-04D218BA1775}"
EndProject
Project("{FAE04EC0-301F-11D3-BF4B-00C04F79EFBC}") = "ControlEscolarXWebAPI", "ControlEscolarXWebAPI\ControlEscolarXWebAPI.csproj", "{6384C34A-39A6-4895-906C-0639AD0569F4}"
EndProject
Project("{FAE04EC0-301F-11D3-BF4B-00C04F79EFBC}") = "Persistence", "Persistence\Persistence.csproj", "{32D51470-2269-4C44-8D67-A555396F030D}"
EndProject
Project("{FAE04EC0-301F-11D3-BF4B-00C04F79EFBC}") = "Application", "Application\Application.csproj", "{75AB0803-2AF4-4D84-BEAC-5A28D7C977C7}"
EndProject
Project("{FAE04EC0-301F-11D3-BF4B-00C04F79EFBC}") = "Domain", "Domain\Domain.csproj", "{A7C1B76D-5055-4238-9142-0D69865242FB}"
EndProject
Global
	GlobalSection(SolutionConfigurationPlatforms) = preSolution
		Debug|Any CPU = Debug|Any CPU
		Release|Any CPU = Release|Any CPU
	EndGlobalSection
	GlobalSection(ProjectConfigurationPlatforms) = postSolution
		{6384C34A-39A6-4895-906C-0639AD0569F4}.Debug|Any CPU.ActiveCfg = Debug|Any CPU
		{6384C34A-39A6-4895-906C-0639AD0569F4}.Debug|Any CPU.Build.0 = Debug|Any CPU
		{6384C34A-39A6-4895-906C-0639AD0569F4}.Release|Any CPU.ActiveCfg = Release|Any CPU
		{6384C34A-39A6-4895-906C-0639AD0569F4}.Release|Any CPU.Build.0 = Release|Any CPU
		{32D51470-2269-4C44-8D67-A555396F030D}.Debug|Any CPU.ActiveCfg = Debug|Any CPU
		{32D51470-2269-4C44-8D67-A555396F030D}.Debug|Any CPU.Build.0 = Debug|Any CPU
		{32D51470-2269-4C44-8D67-A555396F030D}.Release|Any CPU.ActiveCfg = Release|Any CPU
		{32D51470-2269-4C44-8D67-A555396F030D}.Release|Any CPU.Build.0 = Release|Any CPU
		{75AB0803-2AF4-4D84-BEAC-5A28D7C977C7}.Debug|Any CPU.ActiveCfg = Debug|Any CPU
		{75AB0803-2AF4-4D84-BEAC-5A28D7C977C7}.Debug|Any CPU.Build.0 = Debug|Any CPU
		{75AB0803-2AF4-4D84-BEAC-5A28D7C977C7}.Release|Any CPU.ActiveCfg = Release|Any CPU
		{75AB0803-2AF4-4D84-BEAC-5A28D7C977C7}.Release|Any CPU.Build.0 = Release|Any CPU
		{A7C1B76D-5055-4238-9142-0D69865242FB}.Debug|Any CPU.ActiveCfg = Debug|Any CPU
		{A7C1B76D-5055-4238-9142-0D69865242FB}.Debug|Any CPU.Build.0 = Debug|Any CPU
		{A7C1B76D-5055-4238-9142-0D69865242FB}.Release|Any CPU.ActiveCfg = Release|Any CPU
		{A7C1B76D-5055-4238-9142-0D69865242FB}.Release|Any CPU.Build.0 = Release|Any CPU
	EndGlobalSection
	GlobalSection(SolutionProperties) = preSolution
		HideSolutionNode = FALSE
	EndGlobalSection
	GlobalSection(NestedProjects) = preSolution
		{9958B309-9D9A-4778-A84A-BCF8FBC29948} = {5CDBC787-2826-47FA-ACE0-5ADA56842C29}
		{C57BE8FB-6C76-46F1-B145-CD2892014A4F} = {5CDBC787-2826-47FA-ACE0-5ADA56842C29}
		{CCB1F502-EF5C-4D6E-8F77-04D218BA1775} = {5CDBC787-2826-47FA-ACE0-5ADA56842C29}
		{6384C34A-39A6-4895-906C-0639AD0569F4} = {CCB1F502-EF5C-4D6E-8F77-04D218BA1775}
		{32D51470-2269-4C44-8D67-A555396F030D} = {C57BE8FB-6C76-46F1-B145-CD2892014A4F}
		{75AB0803-2AF4-4D84-BEAC-5A28D7C977C7} = {9958B309-9D9A-4778-A84A-BCF8FBC29948}
		{A7C1B76D-5055-4238-9142-0D69865242FB} = {9958B309-9D9A-4778-A84A-BCF8FBC29948}
	EndGlobalSection
EndGlobal
